// !$*UTF8*$!
{
	archiveVersion = 1;
	classes = {
	};
	objectVersion = 56;
	objects = {

/* Begin PBXBuildFile section */
		1AB8C0CA29269D7800A7A7ED /* AppDelegate.swift in Sources */ = {isa = PBXBuildFile; fileRef = 1AB8C0C929269D7800A7A7ED /* AppDelegate.swift */; };
		1AB8C0D029269D7800A7A7ED /* GameScene.swift in Sources */ = {isa = PBXBuildFile; fileRef = 1AB8C0CF29269D7800A7A7ED /* GameScene.swift */; };
		1AB8C0D229269D7800A7A7ED /* GameViewController.swift in Sources */ = {isa = PBXBuildFile; fileRef = 1AB8C0D129269D7800A7A7ED /* GameViewController.swift */; };
		1AB8C0D529269D7800A7A7ED /* Main.storyboard in Resources */ = {isa = PBXBuildFile; fileRef = 1AB8C0D329269D7800A7A7ED /* Main.storyboard */; };
		1AB8C0D729269D7900A7A7ED /* Assets.xcassets in Resources */ = {isa = PBXBuildFile; fileRef = 1AB8C0D629269D7900A7A7ED /* Assets.xcassets */; };
		1AB8C0DA29269D7900A7A7ED /* LaunchScreen.storyboard in Resources */ = {isa = PBXBuildFile; fileRef = 1AB8C0D829269D7900A7A7ED /* LaunchScreen.storyboard */; };
		1AB8C0E429269D7900A7A7ED /* tutorialTests.swift in Sources */ = {isa = PBXBuildFile; fileRef = 1AB8C0E329269D7900A7A7ED /* tutorialTests.swift */; };
		1AB8C0EE29269D7900A7A7ED /* tutorialUITests.swift in Sources */ = {isa = PBXBuildFile; fileRef = 1AB8C0ED29269D7900A7A7ED /* tutorialUITests.swift */; };
		1AB8C0F029269D7900A7A7ED /* tutorialUITestsLaunchTests.swift in Sources */ = {isa = PBXBuildFile; fileRef = 1AB8C0EF29269D7900A7A7ED /* tutorialUITestsLaunchTests.swift */; };
/* End PBXBuildFile section */

/* Begin PBXContainerItemProxy section */
		1AB8C0E029269D7900A7A7ED /* PBXContainerItemProxy */ = {
			isa = PBXContainerItemProxy;
			containerPortal = 1AB8C0BE29269D7800A7A7ED /* Project object */;
			proxyType = 1;
			remoteGlobalIDString = 1AB8C0C529269D7800A7A7ED;
			remoteInfo = tutorial;
		};
		1AB8C0EA29269D7900A7A7ED /* PBXContainerItemProxy */ = {
			isa = PBXContainerItemProxy;
			containerPortal = 1AB8C0BE29269D7800A7A7ED /* Project object */;
			proxyType = 1;
			remoteGlobalIDString = 1AB8C0C529269D7800A7A7ED;
			remoteInfo = tutorial;
		};
/* End PBXContainerItemProxy section */

/* Begin PBXFileReference section */
		1AB8C0C629269D7800A7A7ED /* tutorial.app */ = {isa = PBXFileReference; explicitFileType = wrapper.application; includeInIndex = 0; path = tutorial.app; sourceTree = BUILT_PRODUCTS_DIR; };
		1AB8C0C929269D7800A7A7ED /* AppDelegate.swift */ = {isa = PBXFileReference; lastKnownFileType = sourcecode.swift; path = AppDelegate.swift; sourceTree = "<group>"; };
		1AB8C0CF29269D7800A7A7ED /* GameScene.swift */ = {isa = PBXFileReference; lastKnownFileType = sourcecode.swift; path = GameScene.swift; sourceTree = "<group>"; };
		1AB8C0D129269D7800A7A7ED /* GameViewController.swift */ = {isa = PBXFileReference; lastKnownFileType = sourcecode.swift; path = GameViewController.swift; sourceTree = "<group>"; };
		1AB8C0D429269D7800A7A7ED /* Base */ = {isa = PBXFileReference; lastKnownFileType = file.storyboard; name = Base; path = Base.lproj/Main.storyboard; sourceTree = "<group>"; };
		1AB8C0D629269D7900A7A7ED /* Assets.xcassets */ = {isa = PBXFileReference; lastKnownFileType = folder.assetcatalog; path = Assets.xcassets; sourceTree = "<group>"; };
		1AB8C0D929269D7900A7A7ED /* Base */ = {isa = PBXFileReference; lastKnownFileType = file.storyboard; name = Base; path = Base.lproj/LaunchScreen.storyboard; sourceTree = "<group>"; };
		1AB8C0DF29269D7900A7A7ED /* tutorialTests.xctest */ = {isa = PBXFileReference; explicitFileType = wrapper.cfbundle; includeInIndex = 0; path = tutorialTests.xctest; sourceTree = BUILT_PRODUCTS_DIR; };
		1AB8C0E329269D7900A7A7ED /* tutorialTests.swift */ = {isa = PBXFileReference; lastKnownFileType = sourcecode.swift; path = tutorialTests.swift; sourceTree = "<group>"; };
		1AB8C0E929269D7900A7A7ED /* tutorialUITests.xctest */ = {isa = PBXFileReference; explicitFileType = wrapper.cfbundle; includeInIndex = 0; path = tutorialUITests.xctest; sourceTree = BUILT_PRODUCTS_DIR; };
		1AB8C0ED29269D7900A7A7ED /* tutorialUITests.swift */ = {isa = PBXFileReference; lastKnownFileType = sourcecode.swift; path = tutorialUITests.swift; sourceTree = "<group>"; };
		1AB8C0EF29269D7900A7A7ED /* tutorialUITestsLaunchTests.swift */ = {isa = PBXFileReference; lastKnownFileType = sourcecode.swift; path = tutorialUITestsLaunchTests.swift; sourceTree = "<group>"; };
/* End PBXFileReference section */

/* Begin PBXFrameworksBuildPhase section */
		1AB8C0C329269D7800A7A7ED /* Frameworks */ = {
			isa = PBXFrameworksBuildPhase;
			buildActionMask = 2147483647;
			files = (
			);
			runOnlyForDeploymentPostprocessing = 0;
		};
		1AB8C0DC29269D7900A7A7ED /* Frameworks */ = {
			isa = PBXFrameworksBuildPhase;
			buildActionMask = 2147483647;
			files = (
			);
			runOnlyForDeploymentPostprocessing = 0;
		};
		1AB8C0E629269D7900A7A7ED /* Frameworks */ = {
			isa = PBXFrameworksBuildPhase;
			buildActionMask = 2147483647;
			files = (
			);
			runOnlyForDeploymentPostprocessing = 0;
		};
/* End PBXFrameworksBuildPhase section */

/* Begin PBXGroup section */
		1AB8C0BD29269D7800A7A7ED = {
			isa = PBXGroup;
			children = (
				1AB8C0C829269D7800A7A7ED /* tutorial */,
				1AB8C0E229269D7900A7A7ED /* tutorialTests */,
				1AB8C0EC29269D7900A7A7ED /* tutorialUITests */,
				1AB8C0C729269D7800A7A7ED /* Products */,
			);
			sourceTree = "<group>";
		};
		1AB8C0C729269D7800A7A7ED /* Products */ = {
			isa = PBXGroup;
			children = (
				1AB8C0C629269D7800A7A7ED /* tutorial.app */,
				1AB8C0DF29269D7900A7A7ED /* tutorialTests.xctest */,
				1AB8C0E929269D7900A7A7ED /* tutorialUITests.xctest */,
			);
			name = Products;
			sourceTree = "<group>";
		};
		1AB8C0C829269D7800A7A7ED /* tutorial */ = {
			isa = PBXGroup;
			children = (
				1AB8C0C929269D7800A7A7ED /* AppDelegate.swift */,
				1AB8C0CF29269D7800A7A7ED /* GameScene.swift */,
				1AB8C0D129269D7800A7A7ED /* GameViewController.swift */,
				1AB8C0D329269D7800A7A7ED /* Main.storyboard */,
				1AB8C0D629269D7900A7A7ED /* Assets.xcassets */,
				1AB8C0D829269D7900A7A7ED /* LaunchScreen.storyboard */,
			);
			path = tutorial;
			sourceTree = "<group>";
		};
		1AB8C0E229269D7900A7A7ED /* tutorialTests */ = {
			isa = PBXGroup;
			children = (
				1AB8C0E329269D7900A7A7ED /* tutorialTests.swift */,
			);
			path = tutorialTests;
			sourceTree = "<group>";
		};
		1AB8C0EC29269D7900A7A7ED /* tutorialUITests */ = {
			isa = PBXGroup;
			children = (
				1AB8C0ED29269D7900A7A7ED /* tutorialUITests.swift */,
				1AB8C0EF29269D7900A7A7ED /* tutorialUITestsLaunchTests.swift */,
			);
			path = tutorialUITests;
			sourceTree = "<group>";
		};
/* End PBXGroup section */

/* Begin PBXNativeTarget section */
		1AB8C0C529269D7800A7A7ED /* tutorial */ = {
			isa = PBXNativeTarget;
			buildConfigurationList = 1AB8C0F329269D7900A7A7ED /* Build configuration list for PBXNativeTarget "tutorial" */;
			buildPhases = (
				1AB8C0C229269D7800A7A7ED /* Sources */,
				1AB8C0C329269D7800A7A7ED /* Frameworks */,
				1AB8C0C429269D7800A7A7ED /* Resources */,
			);
			buildRules = (
			);
			dependencies = (
			);
			name = tutorial;
			productName = tutorial;
			productReference = 1AB8C0C629269D7800A7A7ED /* tutorial.app */;
			productType = "com.apple.product-type.application";
		};
		1AB8C0DE29269D7900A7A7ED /* tutorialTests */ = {
			isa = PBXNativeTarget;
			buildConfigurationList = 1AB8C0F629269D7900A7A7ED /* Build configuration list for PBXNativeTarget "tutorialTests" */;
			buildPhases = (
				1AB8C0DB29269D7900A7A7ED /* Sources */,
				1AB8C0DC29269D7900A7A7ED /* Frameworks */,
				1AB8C0DD29269D7900A7A7ED /* Resources */,
			);
			buildRules = (
			);
			dependencies = (
				1AB8C0E129269D7900A7A7ED /* PBXTargetDependency */,
			);
			name = tutorialTests;
			productName = tutorialTests;
			productReference = 1AB8C0DF29269D7900A7A7ED /* tutorialTests.xctest */;
			productType = "com.apple.product-type.bundle.unit-test";
		};
		1AB8C0E829269D7900A7A7ED /* tutorialUITests */ = {
			isa = PBXNativeTarget;
			buildConfigurationList = 1AB8C0F929269D7900A7A7ED /* Build configuration list for PBXNativeTarget "tutorialUITests" */;
			buildPhases = (
				1AB8C0E529269D7900A7A7ED /* Sources */,
				1AB8C0E629269D7900A7A7ED /* Frameworks */,
				1AB8C0E729269D7900A7A7ED /* Resources */,
			);
			buildRules = (
			);
			dependencies = (
				1AB8C0EB29269D7900A7A7ED /* PBXTargetDependency */,
			);
			name = tutorialUITests;
			productName = tutorialUITests;
			productReference = 1AB8C0E929269D7900A7A7ED /* tutorialUITests.xctest */;
			productType = "com.apple.product-type.bundle.ui-testing";
		};
/* End PBXNativeTarget section */

/* Begin PBXProject section */
		1AB8C0BE29269D7800A7A7ED /* Project object */ = {
			isa = PBXProject;
			attributes = {
				BuildIndependentTargetsInParallel = 1;
				LastSwiftUpdateCheck = 1410;
				LastUpgradeCheck = 1410;
				TargetAttributes = {
					1AB8C0C529269D7800A7A7ED = {
						CreatedOnToolsVersion = 14.1;
					};
					1AB8C0DE29269D7900A7A7ED = {
						CreatedOnToolsVersion = 14.1;
						TestTargetID = 1AB8C0C529269D7800A7A7ED;
					};
					1AB8C0E829269D7900A7A7ED = {
						CreatedOnToolsVersion = 14.1;
						TestTargetID = 1AB8C0C529269D7800A7A7ED;
					};
				};
			};
			buildConfigurationList = 1AB8C0C129269D7800A7A7ED /* Build configuration list for PBXProject "ballGame" */;
			compatibilityVersion = "Xcode 14.0";
			developmentRegion = en;
			hasScannedForEncodings = 0;
			knownRegions = (
				en,
				Base,
			);
			mainGroup = 1AB8C0BD29269D7800A7A7ED;
			productRefGroup = 1AB8C0C729269D7800A7A7ED /* Products */;
			projectDirPath = "";
			projectRoot = "";
			targets = (
				1AB8C0C529269D7800A7A7ED /* tutorial */,
				1AB8C0DE29269D7900A7A7ED /* tutorialTests */,
				1AB8C0E829269D7900A7A7ED /* tutorialUITests */,
			);
		};
/* End PBXProject section */

/* Begin PBXResourcesBuildPhase section */
		1AB8C0C429269D7800A7A7ED /* Resources */ = {
			isa = PBXResourcesBuildPhase;
			buildActionMask = 2147483647;
			files = (
				1AB8C0D529269D7800A7A7ED /* Main.storyboard in Resources */,
				1AB8C0D729269D7900A7A7ED /* Assets.xcassets in Resources */,
				1AB8C0DA29269D7900A7A7ED /* LaunchScreen.storyboard in Resources */,
			);
			runOnlyForDeploymentPostprocessing = 0;
		};
		1AB8C0DD29269D7900A7A7ED /* Resources */ = {
			isa = PBXResourcesBuildPhase;
			buildActionMask = 2147483647;
			files = (
			);
			runOnlyForDeploymentPostprocessing = 0;
		};
		1AB8C0E729269D7900A7A7ED /* Resources */ = {
			isa = PBXResourcesBuildPhase;
			buildActionMask = 2147483647;
			files = (
			);
			runOnlyForDeploymentPostprocessing = 0;
		};
/* End PBXResourcesBuildPhase section */

/* Begin PBXSourcesBuildPhase section */
		1AB8C0C229269D7800A7A7ED /* Sources */ = {
			isa = PBXSourcesBuildPhase;
			buildActionMask = 2147483647;
			files = (
				1AB8C0D029269D7800A7A7ED /* GameScene.swift in Sources */,
				1AB8C0D229269D7800A7A7ED /* GameViewController.swift in Sources */,
				1AB8C0CA29269D7800A7A7ED /* AppDelegate.swift in Sources */,
			);
			runOnlyForDeploymentPostprocessing = 0;
		};
		1AB8C0DB29269D7900A7A7ED /* Sources */ = {
			isa = PBXSourcesBuildPhase;
			buildActionMask = 2147483647;
			files = (
				1AB8C0E429269D7900A7A7ED /* tutorialTests.swift in Sources */,
			);
			runOnlyForDeploymentPostprocessing = 0;
		};
		1AB8C0E529269D7900A7A7ED /* Sources */ = {
			isa = PBXSourcesBuildPhase;
			buildActionMask = 2147483647;
			files = (
				1AB8C0F029269D7900A7A7ED /* tutorialUITestsLaunchTests.swift in Sources */,
				1AB8C0EE29269D7900A7A7ED /* tutorialUITests.swift in Sources */,
			);
			runOnlyForDeploymentPostprocessing = 0;
		};
/* End PBXSourcesBuildPhase section */

/* Begin PBXTargetDependency section */
		1AB8C0E129269D7900A7A7ED /* PBXTargetDependency */ = {
			isa = PBXTargetDependency;
			target = 1AB8C0C529269D7800A7A7ED /* tutorial */;
			targetProxy = 1AB8C0E029269D7900A7A7ED /* PBXContainerItemProxy */;
		};
		1AB8C0EB29269D7900A7A7ED /* PBXTargetDependency */ = {
			isa = PBXTargetDependency;
			target = 1AB8C0C529269D7800A7A7ED /* tutorial */;
			targetProxy = 1AB8C0EA29269D7900A7A7ED /* PBXContainerItemProxy */;
		};
/* End PBXTargetDependency section */

/* Begin PBXVariantGroup section */
		1AB8C0D329269D7800A7A7ED /* Main.storyboard */ = {
			isa = PBXVariantGroup;
			children = (
				1AB8C0D429269D7800A7A7ED /* Base */,
			);
			name = Main.storyboard;
			sourceTree = "<group>";
		};
		1AB8C0D829269D7900A7A7ED /* LaunchScreen.storyboard */ = {
			isa = PBXVariantGroup;
			children = (
				1AB8C0D929269D7900A7A7ED /* Base */,
			);
			name = LaunchScreen.storyboard;
			sourceTree = "<group>";
		};
/* End PBXVariantGroup section */

/* Begin XCBuildConfiguration section */
		1AB8C0F129269D7900A7A7ED /* Debug */ = {
			isa = XCBuildConfiguration;
			buildSettings = {
				ALWAYS_SEARCH_USER_PATHS = NO;
				CLANG_ANALYZER_NONNULL = YES;
				CLANG_ANALYZER_NUMBER_OBJECT_CONVERSION = YES_AGGRESSIVE;
				CLANG_CXX_LANGUAGE_STANDARD = "gnu++20";
				CLANG_ENABLE_MODULES = YES;
				CLANG_ENABLE_OBJC_ARC = YES;
				CLANG_ENABLE_OBJC_WEAK = YES;
				CLANG_WARN_BLOCK_CAPTURE_AUTORELEASING = YES;
				CLANG_WARN_BOOL_CONVERSION = YES;
				CLANG_WARN_COMMA = YES;
				CLANG_WARN_CONSTANT_CONVERSION = YES;
				CLANG_WARN_DEPRECATED_OBJC_IMPLEMENTATIONS = YES;
				CLANG_WARN_DIRECT_OBJC_ISA_USAGE = YES_ERROR;
				CLANG_WARN_DOCUMENTATION_COMMENTS = YES;
				CLANG_WARN_EMPTY_BODY = YES;
				CLANG_WARN_ENUM_CONVERSION = YES;
				CLANG_WARN_INFINITE_RECURSION = YES;
				CLANG_WARN_INT_CONVERSION = YES;
				CLANG_WARN_NON_LITERAL_NULL_CONVERSION = YES;
				CLANG_WARN_OBJC_IMPLICIT_RETAIN_SELF = YES;
				CLANG_WARN_OBJC_LITERAL_CONVERSION = YES;
				CLANG_WARN_OBJC_ROOT_CLASS = YES_ERROR;
				CLANG_WARN_QUOTED_INCLUDE_IN_FRAMEWORK_HEADER = YES;
				CLANG_WARN_RANGE_LOOP_ANALYSIS = YES;
				CLANG_WARN_STRICT_PROTOTYPES = YES;
				CLANG_WARN_SUSPICIOUS_MOVE = YES;
				CLANG_WARN_UNGUARDED_AVAILABILITY = YES_AGGRESSIVE;
				CLANG_WARN_UNREACHABLE_CODE = YES;
				CLANG_WARN__DUPLICATE_METHOD_MATCH = YES;
				COPY_PHASE_STRIP = NO;
				DEBUG_INFORMATION_FORMAT = dwarf;
				ENABLE_STRICT_OBJC_MSGSEND = YES;
				ENABLE_TESTABILITY = YES;
				GCC_C_LANGUAGE_STANDARD = gnu11;
				GCC_DYNAMIC_NO_PIC = NO;
				GCC_NO_COMMON_BLOCKS = YES;
				GCC_OPTIMIZATION_LEVEL = 0;
				GCC_PREPROCESSOR_DEFINITIONS = (
					"DEBUG=1",
					"$(inherited)",
				);
				GCC_WARN_64_TO_32_BIT_CONVERSION = YES;
				GCC_WARN_ABOUT_RETURN_TYPE = YES_ERROR;
				GCC_WARN_UNDECLARED_SELECTOR = YES;
				GCC_WARN_UNINITIALIZED_AUTOS = YES_AGGRESSIVE;
				GCC_WARN_UNUSED_FUNCTION = YES;
				GCC_WARN_UNUSED_VARIABLE = YES;
				IPHONEOS_DEPLOYMENT_TARGET = 16.1;
				MTL_ENABLE_DEBUG_INFO = INCLUDE_SOURCE;
				MTL_FAST_MATH = YES;
				ONLY_ACTIVE_ARCH = YES;
				SDKROOT = iphoneos;
				SWIFT_ACTIVE_COMPILATION_CONDITIONS = DEBUG;
				SWIFT_OPTIMIZATION_LEVEL = "-Onone";
			};
			name = Debug;
		};
		1AB8C0F229269D7900A7A7ED /* Release */ = {
			isa = XCBuildConfiguration;
			buildSettings = {
				ALWAYS_SEARCH_USER_PATHS = NO;
				CLANG_ANALYZER_NONNULL = YES;
				CLANG_ANALYZER_NUMBER_OBJECT_CONVERSION = YES_AGGRESSIVE;
				CLANG_CXX_LANGUAGE_STANDARD = "gnu++20";
				CLANG_ENABLE_MODULES = YES;
				CLANG_ENABLE_OBJC_ARC = YES;
				CLANG_ENABLE_OBJC_WEAK = YES;
				CLANG_WARN_BLOCK_CAPTURE_AUTORELEASING = YES;
				CLANG_WARN_BOOL_CONVERSION = YES;
				CLANG_WARN_COMMA = YES;
				CLANG_WARN_CONSTANT_CONVERSION = YES;
				CLANG_WARN_DEPRECATED_OBJC_IMPLEMENTATIONS = YES;
				CLANG_WARN_DIRECT_OBJC_ISA_USAGE = YES_ERROR;
				CLANG_WARN_DOCUMENTATION_COMMENTS = YES;
				CLANG_WARN_EMPTY_BODY = YES;
				CLANG_WARN_ENUM_CONVERSION = YES;
				CLANG_WARN_INFINITE_RECURSION = YES;
				CLANG_WARN_INT_CONVERSION = YES;
				CLANG_WARN_NON_LITERAL_NULL_CONVERSION = YES;
				CLANG_WARN_OBJC_IMPLICIT_RETAIN_SELF = YES;
				CLANG_WARN_OBJC_LITERAL_CONVERSION = YES;
				CLANG_WARN_OBJC_ROOT_CLASS = YES_ERROR;
				CLANG_WARN_QUOTED_INCLUDE_IN_FRAMEWORK_HEADER = YES;
				CLANG_WARN_RANGE_LOOP_ANALYSIS = YES;
				CLANG_WARN_STRICT_PROTOTYPES = YES;
				CLANG_WARN_SUSPICIOUS_MOVE = YES;
				CLANG_WARN_UNGUARDED_AVAILABILITY = YES_AGGRESSIVE;
				CLANG_WARN_UNREACHABLE_CODE = YES;
				CLANG_WARN__DUPLICATE_METHOD_MATCH = YES;
				COPY_PHASE_STRIP = NO;
				DEBUG_INFORMATION_FORMAT = "dwarf-with-dsym";
				ENABLE_NS_ASSERTIONS = NO;
				ENABLE_STRICT_OBJC_MSGSEND = YES;
				GCC_C_LANGUAGE_STANDARD = gnu11;
				GCC_NO_COMMON_BLOCKS = YES;
				GCC_WARN_64_TO_32_BIT_CONVERSION = YES;
				GCC_WARN_ABOUT_RETURN_TYPE = YES_ERROR;
				GCC_WARN_UNDECLARED_SELECTOR = YES;
				GCC_WARN_UNINITIALIZED_AUTOS = YES_AGGRESSIVE;
				GCC_WARN_UNUSED_FUNCTION = YES;
				GCC_WARN_UNUSED_VARIABLE = YES;
				IPHONEOS_DEPLOYMENT_TARGET = 16.1;
				MTL_ENABLE_DEBUG_INFO = NO;
				MTL_FAST_MATH = YES;
				SDKROOT = iphoneos;
				SWIFT_COMPILATION_MODE = wholemodule;
				SWIFT_OPTIMIZATION_LEVEL = "-O";
				VALIDATE_PRODUCT = YES;
			};
			name = Release;
		};
		1AB8C0F429269D7900A7A7ED /* Debug */ = {
			isa = XCBuildConfiguration;
			buildSettings = {
				ASSETCATALOG_COMPILER_APPICON_NAME = AppIcon;
				ASSETCATALOG_COMPILER_GLOBAL_ACCENT_COLOR_NAME = AccentColor;
				CODE_SIGN_STYLE = Automatic;
				CURRENT_PROJECT_VERSION = 1;
				DEVELOPMENT_TEAM = FG69YR5TLF;
				GENERATE_INFOPLIST_FILE = YES;
				INFOPLIST_KEY_CFBundleDisplayName = ballGame;
				INFOPLIST_KEY_UIApplicationSupportsIndirectInputEvents = YES;
				INFOPLIST_KEY_UILaunchStoryboardName = LaunchScreen;
				INFOPLIST_KEY_UIMainStoryboardFile = Main;
				INFOPLIST_KEY_UIStatusBarHidden = YES;
				INFOPLIST_KEY_UISupportedInterfaceOrientations_iPad = "UIInterfaceOrientationPortrait UIInterfaceOrientationPortraitUpsideDown UIInterfaceOrientationLandscapeLeft UIInterfaceOrientationLandscapeRight";
				INFOPLIST_KEY_UISupportedInterfaceOrientations_iPhone = "UIInterfaceOrientationPortrait UIInterfaceOrientationLandscapeLeft UIInterfaceOrientationLandscapeRight";
				LD_RUNPATH_SEARCH_PATHS = (
					"$(inherited)",
					"@executable_path/Frameworks",
				);
				MARKETING_VERSION = 1.0;
				PRODUCT_BUNDLE_IDENTIFIER = musatenekeci.ballGame;
				PRODUCT_NAME = "$(TARGET_NAME)";
				SWIFT_EMIT_LOC_STRINGS = YES;
				SWIFT_VERSION = 5.0;
				TARGETED_DEVICE_FAMILY = "1,2";
			};
			name = Debug;
		};
		1AB8C0F529269D7900A7A7ED /* Release */ = {
			isa = XCBuildConfiguration;
			buildSettings = {
				ASSETCATALOG_COMPILER_APPICON_NAME = AppIcon;
				ASSETCATALOG_COMPILER_GLOBAL_ACCENT_COLOR_NAME = AccentColor;
				CODE_SIGN_STYLE = Automatic;
				CURRENT_PROJECT_VERSION = 1;
				DEVELOPMENT_TEAM = FG69YR5TLF;
				GENERATE_INFOPLIST_FILE = YES;
				INFOPLIST_KEY_CFBundleDisplayName = ballGame;
				INFOPLIST_KEY_UIApplicationSupportsIndirectInputEvents = YES;
				INFOPLIST_KEY_UILaunchStoryboardName = LaunchScreen;
				INFOPLIST_KEY_UIMainStoryboardFile = Main;
				INFOPLIST_KEY_UIStatusBarHidden = YES;
				INFOPLIST_KEY_UISupportedInterfaceOrientations_iPad = "UIInterfaceOrientationPortrait UIInterfaceOrientationPortraitUpsideDown UIInterfaceOrientationLandscapeLeft UIInterfaceOrientationLandscapeRight";
				INFOPLIST_KEY_UISupportedInterfaceOrientations_iPhone = "UIInterfaceOrientationPortrait UIInterfaceOrientationLandscapeLeft UIInterfaceOrientationLandscapeRight";
				LD_RUNPATH_SEARCH_PATHS = (
					"$(inherited)",
					"@executable_path/Frameworks",
				);
				MARKETING_VERSION = 1.0;
				PRODUCT_BUNDLE_IDENTIFIER = musatenekeci.ballGame;
				PRODUCT_NAME = "$(TARGET_NAME)";
				SWIFT_EMIT_LOC_STRINGS = YES;
				SWIFT_VERSION = 5.0;
				TARGETED_DEVICE_FAMILY = "1,2";
			};
			name = Release;
		};
		1AB8C0F729269D7900A7A7ED /* Debug */ = {
			isa = XCBuildConfiguration;
			buildSettings = {
				ALWAYS_EMBED_SWIFT_STANDARD_LIBRARIES = YES;
				BUNDLE_LOADER = "$(TEST_HOST)";
				CODE_SIGN_STYLE = Automatic;
				CURRENT_PROJECT_VERSION = 1;
				DEVELOPMENT_TEAM = NYL38WRWJV;
				GENERATE_INFOPLIST_FILE = YES;
				IPHONEOS_DEPLOYMENT_TARGET = 16.1;
				MARKETING_VERSION = 1.0;
				PRODUCT_BUNDLE_IDENTIFIER = musatenekeci.tutorialTests;
				PRODUCT_NAME = "$(TARGET_NAME)";
				SWIFT_EMIT_LOC_STRINGS = NO;
				SWIFT_VERSION = 5.0;
				TARGETED_DEVICE_FAMILY = "1,2";
				TEST_HOST = "$(BUILT_PRODUCTS_DIR)/tutorial.app/$(BUNDLE_EXECUTABLE_FOLDER_PATH)/tutorial";
			};
			name = Debug;
		};
		1AB8C0F829269D7900A7A7ED /* Release */ = {
			isa = XCBuildConfiguration;
			buildSettings = {
				ALWAYS_EMBED_SWIFT_STANDARD_LIBRARIES = YES;
				BUNDLE_LOADER = "$(TEST_HOST)";
				CODE_SIGN_STYLE = Automatic;
				CURRENT_PROJECT_VERSION = 1;
				DEVELOPMENT_TEAM = NYL38WRWJV;
				GENERATE_INFOPLIST_FILE = YES;
				IPHONEOS_DEPLOYMENT_TARGET = 16.1;
				MARKETING_VERSION = 1.0;
				PRODUCT_BUNDLE_IDENTIFIER = musatenekeci.tutorialTests;
				PRODUCT_NAME = "$(TARGET_NAME)";
				SWIFT_EMIT_LOC_STRINGS = NO;
				SWIFT_VERSION = 5.0;
				TARGETED_DEVICE_FAMILY = "1,2";
				TEST_HOST = "$(BUILT_PRODUCTS_DIR)/tutorial.app/$(BUNDLE_EXECUTABLE_FOLDER_PATH)/tutorial";
			};
			name = Release;
		};
		1AB8C0FA29269D7900A7A7ED /* Debug */ = {
			isa = XCBuildConfiguration;
			buildSettings = {
				ALWAYS_EMBED_SWIFT_STANDARD_LIBRARIES = YES;
				CODE_SIGN_STYLE = Automatic;
				CURRENT_PROJECT_VERSION = 1;
				DEVELOPMENT_TEAM = NYL38WRWJV;
				GENERATE_INFOPLIST_FILE = YES;
				MARKETING_VERSION = 1.0;
				PRODUCT_BUNDLE_IDENTIFIER = musatenekeci.tutorialUITests;
				PRODUCT_NAME = "$(TARGET_NAME)";
				SWIFT_EMIT_LOC_STRINGS = NO;
				SWIFT_VERSION = 5.0;
				TARGETED_DEVICE_FAMILY = "1,2";
				TEST_TARGET_NAME = tutorial;
			};
			name = Debug;
		};
		1AB8C0FB29269D7900A7A7ED /* Release */ = {
			isa = XCBuildConfiguration;
			buildSettings = {
				ALWAYS_EMBED_SWIFT_STANDARD_LIBRARIES = YES;
				CODE_SIGN_STYLE = Automatic;
				CURRENT_PROJECT_VERSION = 1;
				DEVELOPMENT_TEAM = NYL38WRWJV;
				GENERATE_INFOPLIST_FILE = YES;
				MARKETING_VERSION = 1.0;
				PRODUCT_BUNDLE_IDENTIFIER = musatenekeci.tutorialUITests;
				PRODUCT_NAME = "$(TARGET_NAME)";
				SWIFT_EMIT_LOC_STRINGS = NO;
				SWIFT_VERSION = 5.0;
				TARGETED_DEVICE_FAMILY = "1,2";
				TEST_TARGET_NAME = tutorial;
			};
			name = Release;
		};
/* End XCBuildConfiguration section */

/* Begin XCConfigurationList section */
		1AB8C0C129269D7800A7A7ED /* Build configuration list for PBXProject "ballGame" */ = {
			isa = XCConfigurationList;
			buildConfigurations = (
				1AB8C0F129269D7900A7A7ED /* Debug */,
				1AB8C0F229269D7900A7A7ED /* Release */,
			);
			defaultConfigurationIsVisible = 0;
			defaultConfigurationName = Release;
		};
		1AB8C0F329269D7900A7A7ED /* Build configuration list for PBXNativeTarget "tutorial" */ = {
			isa = XCConfigurationList;
			buildConfigurations = (
				1AB8C0F429269D7900A7A7ED /* Debug */,
				1AB8C0F529269D7900A7A7ED /* Release */,
			);
			defaultConfigurationIsVisible = 0;
			defaultConfigurationName = Release;
		};
		1AB8C0F629269D7900A7A7ED /* Build configuration list for PBXNativeTarget "tutorialTests" */ = {
			isa = XCConfigurationList;
			buildConfigurations = (
				1AB8C0F729269D7900A7A7ED /* Debug */,
				1AB8C0F829269D7900A7A7ED /* Release */,
			);
			defaultConfigurationIsVisible = 0;
			defaultConfigurationName = Release;
		};
		1AB8C0F929269D7900A7A7ED /* Build configuration list for PBXNativeTarget "tutorialUITests" */ = {
			isa = XCConfigurationList;
			buildConfigurations = (
				1AB8C0FA29269D7900A7A7ED /* Debug */,
				1AB8C0FB29269D7900A7A7ED /* Release */,
			);
			defaultConfigurationIsVisible = 0;
			defaultConfigurationName = Release;
		};
/* End XCConfigurationList section */
	};
	rootObject = 1AB8C0BE29269D7800A7A7ED /* Project object */;
}
